// !$*UTF8*$!
{
	archiveVersion = 1;
	classes = {
	};
	objectVersion = 52;
	objects = {

/* Begin PBXBuildFile section */
		3218D2D2259749B400667F45 /* DoSection.swift in Sources */ = {isa = PBXBuildFile; fileRef = 3218D2D1259749B400667F45 /* DoSection.swift */; };
		32282C5425932B4B00B30971 /* DoStroke.swift in Sources */ = {isa = PBXBuildFile; fileRef = 32282C5325932B4B00B30971 /* DoStroke.swift */; };
		32282C5725932E2100B30971 /* DoBorder.swift in Sources */ = {isa = PBXBuildFile; fileRef = 32282C5625932E2100B30971 /* DoBorder.swift */; };
		32282C5A25932E3900B30971 /* DoStrokeBorder.swift in Sources */ = {isa = PBXBuildFile; fileRef = 32282C5925932E3900B30971 /* DoStrokeBorder.swift */; };
		32282C5D25932E4200B30971 /* DoFill.swift in Sources */ = {isa = PBXBuildFile; fileRef = 32282C5C25932E4200B30971 /* DoFill.swift */; };
		32282C652594466700B30971 /* DoProgressView.swift in Sources */ = {isa = PBXBuildFile; fileRef = 32282C642594466700B30971 /* DoProgressView.swift */; };
		32282C6925946DEE00B30971 /* DoTrim.swift in Sources */ = {isa = PBXBuildFile; fileRef = 32282C6825946DEE00B30971 /* DoTrim.swift */; };
		32282C6C25946FB500B30971 /* ExampleView.swift in Sources */ = {isa = PBXBuildFile; fileRef = 32282C6B25946FB500B30971 /* ExampleView.swift */; };
		323545B525809A6A003A9828 /* DoSwiftUIApp.swift in Sources */ = {isa = PBXBuildFile; fileRef = 323545B425809A6A003A9828 /* DoSwiftUIApp.swift */; };
		323545B725809A6A003A9828 /* ContentView.swift in Sources */ = {isa = PBXBuildFile; fileRef = 323545B625809A6A003A9828 /* ContentView.swift */; };
		323545B925809A6D003A9828 /* Assets.xcassets in Resources */ = {isa = PBXBuildFile; fileRef = 323545B825809A6D003A9828 /* Assets.xcassets */; };
		323545BC25809A6D003A9828 /* Preview Assets.xcassets in Resources */ = {isa = PBXBuildFile; fileRef = 323545BB25809A6D003A9828 /* Preview Assets.xcassets */; };
		323545C625809AE9003A9828 /* Basic.swift in Sources */ = {isa = PBXBuildFile; fileRef = 323545C525809AE9003A9828 /* Basic.swift */; };
		324A4057259B320400665879 /* DoGestureViewModifer.swift in Sources */ = {isa = PBXBuildFile; fileRef = 324A4056259B320400665879 /* DoGestureViewModifer.swift */; };
		324A405C259B392200665879 /* DoVectorArithmetic.swift in Sources */ = {isa = PBXBuildFile; fileRef = 324A405B259B392200665879 /* DoVectorArithmetic.swift */; };
		324A405F259B395300665879 /* DoGeometryEffect.swift in Sources */ = {isa = PBXBuildFile; fileRef = 324A405E259B395300665879 /* DoGeometryEffect.swift */; };
		324B016F25C3F58C00788C0E /* BlurImageView.swift in Sources */ = {isa = PBXBuildFile; fileRef = 324B016E25C3F58C00788C0E /* BlurImageView.swift */; };
		324B017225C4184E00788C0E /* DoButton.swift in Sources */ = {isa = PBXBuildFile; fileRef = 324B017125C4184E00788C0E /* DoButton.swift */; };
		3256C2C7259799B700225B55 /* DoAnchor.swift in Sources */ = {isa = PBXBuildFile; fileRef = 3256C2C6259799B700225B55 /* DoAnchor.swift */; };
		3256C2CA2597A57F00225B55 /* DoNavigationLink.swift in Sources */ = {isa = PBXBuildFile; fileRef = 3256C2C92597A57F00225B55 /* DoNavigationLink.swift */; };
		3256C2D02598284B00225B55 /* DoObservedObject.swift in Sources */ = {isa = PBXBuildFile; fileRef = 3256C2CF2598284B00225B55 /* DoObservedObject.swift */; };
		3256C2D42598285C00225B55 /* DoStateObject.swift in Sources */ = {isa = PBXBuildFile; fileRef = 3256C2D32598285C00225B55 /* DoStateObject.swift */; };
		3256C2D72598286800225B55 /* DoEnvironmentObject.swift in Sources */ = {isa = PBXBuildFile; fileRef = 3256C2D62598286800225B55 /* DoEnvironmentObject.swift */; };
		325A8F2925BAA5AE00AF2ADD /* CommitButton.swift in Sources */ = {isa = PBXBuildFile; fileRef = 325A8F2825BAA5AE00AF2ADD /* CommitButton.swift */; };
		325A8F3825C03DD600AF2ADD /* DoEffect.swift in Sources */ = {isa = PBXBuildFile; fileRef = 325A8F3725C03DCD00AF2ADD /* DoEffect.swift */; };
		325A8F3B25C117EE00AF2ADD /* DoTabView.swift in Sources */ = {isa = PBXBuildFile; fileRef = 325A8F3A25C117ED00AF2ADD /* DoTabView.swift */; };
		3264C40A25958960002D31F6 /* DoList.swift in Sources */ = {isa = PBXBuildFile; fileRef = 3264C40925958960002D31F6 /* DoList.swift */; };
		3264C40D25958988002D31F6 /* DoNavigationView.swift in Sources */ = {isa = PBXBuildFile; fileRef = 3264C40C25958988002D31F6 /* DoNavigationView.swift */; };
		3271847025A45F330093686F /* Dump.swift in Sources */ = {isa = PBXBuildFile; fileRef = 3271846F25A45F330093686F /* Dump.swift */; };
		3271847325A4622F0093686F /* Screenshot.swift in Sources */ = {isa = PBXBuildFile; fileRef = 3271847225A4622F0093686F /* Screenshot.swift */; };
		3271847725A6AFB10093686F /* ToastUI in Frameworks */ = {isa = PBXBuildFile; productRef = 3271847625A6AFB10093686F /* ToastUI */; };
		3271847A25A6B8710093686F /* InfiniteListView.swift in Sources */ = {isa = PBXBuildFile; fileRef = 3271847925A6B8710093686F /* InfiniteListView.swift */; };
		3271847D25A6D20C0093686F /* FullScreenPopGesture.swift in Sources */ = {isa = PBXBuildFile; fileRef = 3271847C25A6D20C0093686F /* FullScreenPopGesture.swift */; };
		327AE3DD25988F5A0062BD67 /* DoToolbar.swift in Sources */ = {isa = PBXBuildFile; fileRef = 327AE3DC25988F590062BD67 /* DoToolbar.swift */; };
		327AE3E025988F870062BD67 /* DoNavigationBarItem.swift in Sources */ = {isa = PBXBuildFile; fileRef = 327AE3DF25988F870062BD67 /* DoNavigationBarItem.swift */; };
		327AE3E32598B3ED0062BD67 /* DoForm.swift in Sources */ = {isa = PBXBuildFile; fileRef = 327AE3E22598B3ED0062BD67 /* DoForm.swift */; };
		327AE3E62598BF810062BD67 /* DoPath.swift in Sources */ = {isa = PBXBuildFile; fileRef = 327AE3E52598BF810062BD67 /* DoPath.swift */; };
		327AE3EA2599A6050062BD67 /* DoBasicGesture.swift in Sources */ = {isa = PBXBuildFile; fileRef = 327AE3E92599A6050062BD67 /* DoBasicGesture.swift */; };
		327AE3ED2599A61F0062BD67 /* DoComposingGesture.swift in Sources */ = {isa = PBXBuildFile; fileRef = 327AE3EC2599A61F0062BD67 /* DoComposingGesture.swift */; };
		327AE3F02599C2590062BD67 /* DoScrollViewReader.swift in Sources */ = {isa = PBXBuildFile; fileRef = 327AE3EF2599C2590062BD67 /* DoScrollViewReader.swift */; };
		327AE3F4259AC2010062BD67 /* DoAnimatable.swift in Sources */ = {isa = PBXBuildFile; fileRef = 327AE3F3259AC2010062BD67 /* DoAnimatable.swift */; };
		327AE3F7259AC2540062BD67 /* DoTransaction.swift in Sources */ = {isa = PBXBuildFile; fileRef = 327AE3F6259AC2540062BD67 /* DoTransaction.swift */; };
		3281FE6925AEDF0E00030F29 /* Checkbox.swift in Sources */ = {isa = PBXBuildFile; fileRef = 3281FE6825AEDF0E00030F29 /* Checkbox.swift */; };
		3281FE9625B7D8D900030F29 /* UIViewWrapper.swift in Sources */ = {isa = PBXBuildFile; fileRef = 3281FE9525B7D8D400030F29 /* UIViewWrapper.swift */; };
		3281FE9E25B8365400030F29 /* ActivityLog.swift in Sources */ = {isa = PBXBuildFile; fileRef = 3281FE9D25B8365200030F29 /* ActivityLog.swift */; };
		3281FEA125B8390B00030F29 /* ActivityGraph.swift in Sources */ = {isa = PBXBuildFile; fileRef = 3281FEA025B8390B00030F29 /* ActivityGraph.swift */; };
		3281FEA625B9751D00030F29 /* DoAnimatiingTimingCurves.swift in Sources */ = {isa = PBXBuildFile; fileRef = 3281FEA525B9751D00030F29 /* DoAnimatiingTimingCurves.swift */; };
		3281FEA925B9856800030F29 /* TreeNode.swift in Sources */ = {isa = PBXBuildFile; fileRef = 3281FEA825B9856800030F29 /* TreeNode.swift */; };
		3281FEAE25B985FA00030F29 /* DiagramSimple.swift in Sources */ = {isa = PBXBuildFile; fileRef = 3281FEAD25B985FA00030F29 /* DiagramSimple.swift */; };
		32942EEB2595F3FE00AC8D96 /* DoList_2.swift in Sources */ = {isa = PBXBuildFile; fileRef = 32942EEA2595F3FE00AC8D96 /* DoList_2.swift */; };
		32942EEE2595F41A00AC8D96 /* DoGrid.swift in Sources */ = {isa = PBXBuildFile; fileRef = 32942EED2595F41A00AC8D96 /* DoGrid.swift */; };
		32942EF22597138200AC8D96 /* DoTextEditor.swift in Sources */ = {isa = PBXBuildFile; fileRef = 32942EF12597138200AC8D96 /* DoTextEditor.swift */; };
		32942EF5259719B300AC8D96 /* DoSecureField.swift in Sources */ = {isa = PBXBuildFile; fileRef = 32942EF4259719B300AC8D96 /* DoSecureField.swift */; };
		32942EF825971DA200AC8D96 /* DoPicker.swift in Sources */ = {isa = PBXBuildFile; fileRef = 32942EF725971DA200AC8D96 /* DoPicker.swift */; };
		32942EFB25972CD100AC8D96 /* DoActionSheetAlert.swift in Sources */ = {isa = PBXBuildFile; fileRef = 32942EFA25972CD100AC8D96 /* DoActionSheetAlert.swift */; };
		32942EFE25973C1400AC8D96 /* DoColor.swift in Sources */ = {isa = PBXBuildFile; fileRef = 32942EFD25973C1400AC8D96 /* DoColor.swift */; };
		32A3DB6225A9762300F38A5C /* RecordList.swift in Sources */ = {isa = PBXBuildFile; fileRef = 32A3DB6125A9762300F38A5C /* RecordList.swift */; };
		32A3DB6725A9765000F38A5C /* RecordDetail.swift in Sources */ = {isa = PBXBuildFile; fileRef = 32A3DB6625A9765000F38A5C /* RecordDetail.swift */; };
		32A3DB6B25A9950B00F38A5C /* RecordInputTextView.swift in Sources */ = {isa = PBXBuildFile; fileRef = 32A3DB6A25A9950B00F38A5C /* RecordInputTextView.swift */; };
		32A3DB6E25A9954E00F38A5C /* RecordDatePickerView.swift in Sources */ = {isa = PBXBuildFile; fileRef = 32A3DB6D25A9954E00F38A5C /* RecordDatePickerView.swift */; };
		32A553B02580FDA20036F4A9 /* DoImage.swift in Sources */ = {isa = PBXBuildFile; fileRef = 32A553AF2580FDA20036F4A9 /* DoImage.swift */; };
		32A8073C2580AAE20008358B /* DoText.swift in Sources */ = {isa = PBXBuildFile; fileRef = 32A8073B2580AAE20008358B /* DoText.swift */; };
		32A8073F2580BC180008358B /* DoStepper.swift in Sources */ = {isa = PBXBuildFile; fileRef = 32A8073E2580BC180008358B /* DoStepper.swift */; };
		32A807422580CC150008358B /* DoToggle.swift in Sources */ = {isa = PBXBuildFile; fileRef = 32A807412580CC150008358B /* DoToggle.swift */; };
		32A807452580EEFC0008358B /* DoSlider.swift in Sources */ = {isa = PBXBuildFile; fileRef = 32A807442580EEFC0008358B /* DoSlider.swift */; };
		32BBA6AE2595DE280001F244 /* DoDisclosureGroup.swift in Sources */ = {isa = PBXBuildFile; fileRef = 32BBA6AD2595DE280001F244 /* DoDisclosureGroup.swift */; };
		32BBA6B12595DE390001F244 /* DoOutlineGroup.swift in Sources */ = {isa = PBXBuildFile; fileRef = 32BBA6B02595DE390001F244 /* DoOutlineGroup.swift */; };
		32C4526825CBFC2200FC819C /* SwiftUIX in Frameworks */ = {isa = PBXBuildFile; productRef = 32C4526725CBFC2200FC819C /* SwiftUIX */; };
		32D4EA4025885575008A0B4A /* DoTextField.swift in Sources */ = {isa = PBXBuildFile; fileRef = 32D4EA3F25885575008A0B4A /* DoTextField.swift */; };
		32D4EA4325886AE0008A0B4A /* DoGradient.swift in Sources */ = {isa = PBXBuildFile; fileRef = 32D4EA4225886AE0008A0B4A /* DoGradient.swift */; };
		32D4EA6F258AF202008A0B4A /* DoPreference.swift in Sources */ = {isa = PBXBuildFile; fileRef = 32D4EA6E258AF202008A0B4A /* DoPreference.swift */; };
		32D4EA72258B0325008A0B4A /* DoCoordinateSpace.swift in Sources */ = {isa = PBXBuildFile; fileRef = 32D4EA71258B0325008A0B4A /* DoCoordinateSpace.swift */; };
		32D4EA75258B4495008A0B4A /* DoGroupBox.swift in Sources */ = {isa = PBXBuildFile; fileRef = 32D4EA74258B4492008A0B4A /* DoGroupBox.swift */; };
		32D4EA78258B49B8008A0B4A /* DoLabel.swift in Sources */ = {isa = PBXBuildFile; fileRef = 32D4EA77258B49B8008A0B4A /* DoLabel.swift */; };
		32D4EA7B258B8B1B008A0B4A /* DoScrollView.swift in Sources */ = {isa = PBXBuildFile; fileRef = 32D4EA7A258B8B19008A0B4A /* DoScrollView.swift */; };
		32D4EA7E258C4E73008A0B4A /* DoStack.swift in Sources */ = {isa = PBXBuildFile; fileRef = 32D4EA7D258C4E72008A0B4A /* DoStack.swift */; };
		32D4EA81258C4E82008A0B4A /* DoLazyStack.swift in Sources */ = {isa = PBXBuildFile; fileRef = 32D4EA80258C4E82008A0B4A /* DoLazyStack.swift */; };
		32D4EA84258C4EC0008A0B4A /* DoGroup.swift in Sources */ = {isa = PBXBuildFile; fileRef = 32D4EA83258C4EBF008A0B4A /* DoGroup.swift */; };
		32D4EA89258C4F91008A0B4A /* DoAnimation.swift in Sources */ = {isa = PBXBuildFile; fileRef = 32D4EA88258C4F91008A0B4A /* DoAnimation.swift */; };
		32D4EA8C258C87DE008A0B4A /* DoFrame.swift in Sources */ = {isa = PBXBuildFile; fileRef = 32D4EA8B258C87DE008A0B4A /* DoFrame.swift */; };
		32D4EA8F258C961D008A0B4A /* DoBackgroundAndOverlay.swift in Sources */ = {isa = PBXBuildFile; fileRef = 32D4EA8E258C961D008A0B4A /* DoBackgroundAndOverlay.swift */; };
		32D4EA92258C9668008A0B4A /* DoFixedSize.swift in Sources */ = {isa = PBXBuildFile; fileRef = 32D4EA91258C9668008A0B4A /* DoFixedSize.swift */; };
		32D4EA95258C9D03008A0B4A /* DoStateAndBinding.swift in Sources */ = {isa = PBXBuildFile; fileRef = 32D4EA94258C9D03008A0B4A /* DoStateAndBinding.swift */; };
		32D4EA99258CA115008A0B4A /* DoCustomShape.swift in Sources */ = {isa = PBXBuildFile; fileRef = 32D4EA98258CA115008A0B4A /* DoCustomShape.swift */; };
		32D4EA9C258CA571008A0B4A /* DoShape.swift in Sources */ = {isa = PBXBuildFile; fileRef = 32D4EA9B258CA571008A0B4A /* DoShape.swift */; };
		32D4EAA825904129008A0B4A /* DoEnvironment.swift in Sources */ = {isa = PBXBuildFile; fileRef = 32D4EAA725904129008A0B4A /* DoEnvironment.swift */; };
		32D4EAAC259042F3008A0B4A /* DoForEach.swift in Sources */ = {isa = PBXBuildFile; fileRef = 32D4EAAB259042F3008A0B4A /* DoForEach.swift */; };
		32D4EAB52591B7C0008A0B4A /* DoEmpty.swift in Sources */ = {isa = PBXBuildFile; fileRef = 32D4EAB42591B7BF008A0B4A /* DoEmpty.swift */; };
		32D4EAB82591CA4A008A0B4A /* DoAlignment.swift in Sources */ = {isa = PBXBuildFile; fileRef = 32D4EAB72591CA4A008A0B4A /* DoAlignment.swift */; };
		32D4EABB2592E55B008A0B4A /* DoGeometryReader.swift in Sources */ = {isa = PBXBuildFile; fileRef = 32D4EABA2592E55B008A0B4A /* DoGeometryReader.swift */; };
		32D4EAC12592EA8B008A0B4A /* DoSafeArea.swift in Sources */ = {isa = PBXBuildFile; fileRef = 32D4EAC02592EA8B008A0B4A /* DoSafeArea.swift */; };
		32D4EAC42592EE79008A0B4A /* MySegmentControl.swift in Sources */ = {isa = PBXBuildFile; fileRef = 32D4EAC32592EE79008A0B4A /* MySegmentControl.swift */; };
		32D4EAC72592F600008A0B4A /* DoLayout.swift in Sources */ = {isa = PBXBuildFile; fileRef = 32D4EAC62592F600008A0B4A /* DoLayout.swift */; };
		32D4EACA2592F776008A0B4A /* DoLayoutPriority.swift in Sources */ = {isa = PBXBuildFile; fileRef = 32D4EAC92592F776008A0B4A /* DoLayoutPriority.swift */; };
		32D4EACD2592F7F4008A0B4A /* DoSpacer.swift in Sources */ = {isa = PBXBuildFile; fileRef = 32D4EACC2592F7F4008A0B4A /* DoSpacer.swift */; };
		32EB7077259C7BDC00FA21E5 /* DoAnimationViewModifer.swift in Sources */ = {isa = PBXBuildFile; fileRef = 32EB7076259C7BDC00FA21E5 /* DoAnimationViewModifer.swift */; };
/* End PBXBuildFile section */

/* Begin PBXFileReference section */
		3218D2D1259749B400667F45 /* DoSection.swift */ = {isa = PBXFileReference; lastKnownFileType = sourcecode.swift; path = DoSection.swift; sourceTree = "<group>"; };
		32282C5325932B4B00B30971 /* DoStroke.swift */ = {isa = PBXFileReference; lastKnownFileType = sourcecode.swift; path = DoStroke.swift; sourceTree = "<group>"; };
		32282C5625932E2100B30971 /* DoBorder.swift */ = {isa = PBXFileReference; lastKnownFileType = sourcecode.swift; path = DoBorder.swift; sourceTree = "<group>"; };
		32282C5925932E3900B30971 /* DoStrokeBorder.swift */ = {isa = PBXFileReference; lastKnownFileType = sourcecode.swift; path = DoStrokeBorder.swift; sourceTree = "<group>"; };
		32282C5C25932E4200B30971 /* DoFill.swift */ = {isa = PBXFileReference; lastKnownFileType = sourcecode.swift; path = DoFill.swift; sourceTree = "<group>"; };
		32282C642594466700B30971 /* DoProgressView.swift */ = {isa = PBXFileReference; lastKnownFileType = sourcecode.swift; path = DoProgressView.swift; sourceTree = "<group>"; };
		32282C6825946DEE00B30971 /* DoTrim.swift */ = {isa = PBXFileReference; lastKnownFileType = sourcecode.swift; path = DoTrim.swift; sourceTree = "<group>"; };
		32282C6B25946FB500B30971 /* ExampleView.swift */ = {isa = PBXFileReference; lastKnownFileType = sourcecode.swift; path = ExampleView.swift; sourceTree = "<group>"; };
		323545B125809A6A003A9828 /* DoSwiftUI.app */ = {isa = PBXFileReference; explicitFileType = wrapper.application; includeInIndex = 0; path = DoSwiftUI.app; sourceTree = BUILT_PRODUCTS_DIR; };
		323545B425809A6A003A9828 /* DoSwiftUIApp.swift */ = {isa = PBXFileReference; lastKnownFileType = sourcecode.swift; path = DoSwiftUIApp.swift; sourceTree = "<group>"; };
		323545B625809A6A003A9828 /* ContentView.swift */ = {isa = PBXFileReference; lastKnownFileType = sourcecode.swift; path = ContentView.swift; sourceTree = "<group>"; };
		323545B825809A6D003A9828 /* Assets.xcassets */ = {isa = PBXFileReference; lastKnownFileType = folder.assetcatalog; path = Assets.xcassets; sourceTree = "<group>"; };
		323545BB25809A6D003A9828 /* Preview Assets.xcassets */ = {isa = PBXFileReference; lastKnownFileType = folder.assetcatalog; path = "Preview Assets.xcassets"; sourceTree = "<group>"; };
		323545BD25809A6D003A9828 /* Info.plist */ = {isa = PBXFileReference; lastKnownFileType = text.plist.xml; path = Info.plist; sourceTree = "<group>"; };
		323545C525809AE9003A9828 /* Basic.swift */ = {isa = PBXFileReference; lastKnownFileType = sourcecode.swift; path = Basic.swift; sourceTree = "<group>"; };
		324A4056259B320400665879 /* DoGestureViewModifer.swift */ = {isa = PBXFileReference; lastKnownFileType = sourcecode.swift; path = DoGestureViewModifer.swift; sourceTree = "<group>"; };
		324A405B259B392200665879 /* DoVectorArithmetic.swift */ = {isa = PBXFileReference; lastKnownFileType = sourcecode.swift; path = DoVectorArithmetic.swift; sourceTree = "<group>"; };
		324A405E259B395300665879 /* DoGeometryEffect.swift */ = {isa = PBXFileReference; lastKnownFileType = sourcecode.swift; path = DoGeometryEffect.swift; sourceTree = "<group>"; };
		324B016E25C3F58C00788C0E /* BlurImageView.swift */ = {isa = PBXFileReference; lastKnownFileType = sourcecode.swift; path = BlurImageView.swift; sourceTree = "<group>"; };
		324B017125C4184E00788C0E /* DoButton.swift */ = {isa = PBXFileReference; lastKnownFileType = sourcecode.swift; path = DoButton.swift; sourceTree = "<group>"; };
		3256C2C6259799B700225B55 /* DoAnchor.swift */ = {isa = PBXFileReference; lastKnownFileType = sourcecode.swift; path = DoAnchor.swift; sourceTree = "<group>"; };
		3256C2C92597A57F00225B55 /* DoNavigationLink.swift */ = {isa = PBXFileReference; lastKnownFileType = sourcecode.swift; path = DoNavigationLink.swift; sourceTree = "<group>"; };
		3256C2CF2598284B00225B55 /* DoObservedObject.swift */ = {isa = PBXFileReference; lastKnownFileType = sourcecode.swift; path = DoObservedObject.swift; sourceTree = "<group>"; };
		3256C2D32598285C00225B55 /* DoStateObject.swift */ = {isa = PBXFileReference; lastKnownFileType = sourcecode.swift; path = DoStateObject.swift; sourceTree = "<group>"; };
		3256C2D62598286800225B55 /* DoEnvironmentObject.swift */ = {isa = PBXFileReference; lastKnownFileType = sourcecode.swift; path = DoEnvironmentObject.swift; sourceTree = "<group>"; };
		325A8F2825BAA5AE00AF2ADD /* CommitButton.swift */ = {isa = PBXFileReference; lastKnownFileType = sourcecode.swift; path = CommitButton.swift; sourceTree = "<group>"; };
		325A8F3525C01D6700AF2ADD /* DoSomeSwiftFeature.playground */ = {isa = PBXFileReference; lastKnownFileType = file.playground; path = DoSomeSwiftFeature.playground; sourceTree = "<group>"; xcLanguageSpecificationIdentifier = xcode.lang.swift; };
		325A8F3725C03DCD00AF2ADD /* DoEffect.swift */ = {isa = PBXFileReference; lastKnownFileType = sourcecode.swift; path = DoEffect.swift; sourceTree = "<group>"; };
		325A8F3A25C117ED00AF2ADD /* DoTabView.swift */ = {isa = PBXFileReference; lastKnownFileType = sourcecode.swift; path = DoTabView.swift; sourceTree = "<group>"; };
		3264C40925958960002D31F6 /* DoList.swift */ = {isa = PBXFileReference; lastKnownFileType = sourcecode.swift; path = DoList.swift; sourceTree = "<group>"; };
		3264C40C25958988002D31F6 /* DoNavigationView.swift */ = {isa = PBXFileReference; lastKnownFileType = sourcecode.swift; path = DoNavigationView.swift; sourceTree = "<group>"; };
		3271846F25A45F330093686F /* Dump.swift */ = {isa = PBXFileReference; lastKnownFileType = sourcecode.swift; path = Dump.swift; sourceTree = "<group>"; };
		3271847225A4622F0093686F /* Screenshot.swift */ = {isa = PBXFileReference; lastKnownFileType = sourcecode.swift; path = Screenshot.swift; sourceTree = "<group>"; };
		3271847925A6B8710093686F /* InfiniteListView.swift */ = {isa = PBXFileReference; lastKnownFileType = sourcecode.swift; path = InfiniteListView.swift; sourceTree = "<group>"; };
		3271847C25A6D20C0093686F /* FullScreenPopGesture.swift */ = {isa = PBXFileReference; lastKnownFileType = sourcecode.swift; path = FullScreenPopGesture.swift; sourceTree = "<group>"; };
		327AE3DC25988F590062BD67 /* DoToolbar.swift */ = {isa = PBXFileReference; lastKnownFileType = sourcecode.swift; path = DoToolbar.swift; sourceTree = "<group>"; };
		327AE3DF25988F870062BD67 /* DoNavigationBarItem.swift */ = {isa = PBXFileReference; lastKnownFileType = sourcecode.swift; path = DoNavigationBarItem.swift; sourceTree = "<group>"; };
		327AE3E22598B3ED0062BD67 /* DoForm.swift */ = {isa = PBXFileReference; lastKnownFileType = sourcecode.swift; path = DoForm.swift; sourceTree = "<group>"; };
		327AE3E52598BF810062BD67 /* DoPath.swift */ = {isa = PBXFileReference; lastKnownFileType = sourcecode.swift; path = DoPath.swift; sourceTree = "<group>"; };
		327AE3E92599A6050062BD67 /* DoBasicGesture.swift */ = {isa = PBXFileReference; lastKnownFileType = sourcecode.swift; path = DoBasicGesture.swift; sourceTree = "<group>"; };
		327AE3EC2599A61F0062BD67 /* DoComposingGesture.swift */ = {isa = PBXFileReference; lastKnownFileType = sourcecode.swift; path = DoComposingGesture.swift; sourceTree = "<group>"; };
		327AE3EF2599C2590062BD67 /* DoScrollViewReader.swift */ = {isa = PBXFileReference; lastKnownFileType = sourcecode.swift; path = DoScrollViewReader.swift; sourceTree = "<group>"; };
		327AE3F3259AC2010062BD67 /* DoAnimatable.swift */ = {isa = PBXFileReference; lastKnownFileType = sourcecode.swift; path = DoAnimatable.swift; sourceTree = "<group>"; };
		327AE3F6259AC2540062BD67 /* DoTransaction.swift */ = {isa = PBXFileReference; lastKnownFileType = sourcecode.swift; path = DoTransaction.swift; sourceTree = "<group>"; };
		3281FE6825AEDF0E00030F29 /* Checkbox.swift */ = {isa = PBXFileReference; lastKnownFileType = sourcecode.swift; path = Checkbox.swift; sourceTree = "<group>"; };
		3281FE6B25AFDA5500030F29 /* DoCustomStateAndBinding.playground */ = {isa = PBXFileReference; lastKnownFileType = file.playground; path = DoCustomStateAndBinding.playground; sourceTree = "<group>"; xcLanguageSpecificationIdentifier = xcode.lang.swift; };
		3281FE9525B7D8D400030F29 /* UIViewWrapper.swift */ = {isa = PBXFileReference; lastKnownFileType = sourcecode.swift; path = UIViewWrapper.swift; sourceTree = "<group>"; };
		3281FE9D25B8365200030F29 /* ActivityLog.swift */ = {isa = PBXFileReference; lastKnownFileType = sourcecode.swift; path = ActivityLog.swift; sourceTree = "<group>"; };
		3281FEA025B8390B00030F29 /* ActivityGraph.swift */ = {isa = PBXFileReference; lastKnownFileType = sourcecode.swift; path = ActivityGraph.swift; sourceTree = "<group>"; };
		3281FEA525B9751D00030F29 /* DoAnimatiingTimingCurves.swift */ = {isa = PBXFileReference; lastKnownFileType = sourcecode.swift; path = DoAnimatiingTimingCurves.swift; sourceTree = "<group>"; };
		3281FEA825B9856800030F29 /* TreeNode.swift */ = {isa = PBXFileReference; lastKnownFileType = sourcecode.swift; path = TreeNode.swift; sourceTree = "<group>"; };
		3281FEAD25B985FA00030F29 /* DiagramSimple.swift */ = {isa = PBXFileReference; lastKnownFileType = sourcecode.swift; path = DiagramSimple.swift; sourceTree = "<group>"; };
		32942EEA2595F3FE00AC8D96 /* DoList_2.swift */ = {isa = PBXFileReference; lastKnownFileType = sourcecode.swift; path = DoList_2.swift; sourceTree = "<group>"; };
		32942EED2595F41A00AC8D96 /* DoGrid.swift */ = {isa = PBXFileReference; lastKnownFileType = sourcecode.swift; path = DoGrid.swift; sourceTree = "<group>"; };
		32942EF12597138200AC8D96 /* DoTextEditor.swift */ = {isa = PBXFileReference; lastKnownFileType = sourcecode.swift; path = DoTextEditor.swift; sourceTree = "<group>"; };
		32942EF4259719B300AC8D96 /* DoSecureField.swift */ = {isa = PBXFileReference; lastKnownFileType = sourcecode.swift; path = DoSecureField.swift; sourceTree = "<group>"; };
		32942EF725971DA200AC8D96 /* DoPicker.swift */ = {isa = PBXFileReference; lastKnownFileType = sourcecode.swift; path = DoPicker.swift; sourceTree = "<group>"; };
		32942EFA25972CD100AC8D96 /* DoActionSheetAlert.swift */ = {isa = PBXFileReference; lastKnownFileType = sourcecode.swift; path = DoActionSheetAlert.swift; sourceTree = "<group>"; };
		32942EFD25973C1400AC8D96 /* DoColor.swift */ = {isa = PBXFileReference; lastKnownFileType = sourcecode.swift; path = DoColor.swift; sourceTree = "<group>"; };
		32A3DB6125A9762300F38A5C /* RecordList.swift */ = {isa = PBXFileReference; lastKnownFileType = sourcecode.swift; path = RecordList.swift; sourceTree = "<group>"; };
		32A3DB6625A9765000F38A5C /* RecordDetail.swift */ = {isa = PBXFileReference; lastKnownFileType = sourcecode.swift; path = RecordDetail.swift; sourceTree = "<group>"; };
		32A3DB6A25A9950B00F38A5C /* RecordInputTextView.swift */ = {isa = PBXFileReference; lastKnownFileType = sourcecode.swift; path = RecordInputTextView.swift; sourceTree = "<group>"; };
		32A3DB6D25A9954E00F38A5C /* RecordDatePickerView.swift */ = {isa = PBXFileReference; lastKnownFileType = sourcecode.swift; path = RecordDatePickerView.swift; sourceTree = "<group>"; };
		32A553AF2580FDA20036F4A9 /* DoImage.swift */ = {isa = PBXFileReference; lastKnownFileType = sourcecode.swift; path = DoImage.swift; sourceTree = "<group>"; };
		32A8073B2580AAE20008358B /* DoText.swift */ = {isa = PBXFileReference; lastKnownFileType = sourcecode.swift; path = DoText.swift; sourceTree = "<group>"; };
		32A8073E2580BC180008358B /* DoStepper.swift */ = {isa = PBXFileReference; lastKnownFileType = sourcecode.swift; path = DoStepper.swift; sourceTree = "<group>"; };
		32A807412580CC150008358B /* DoToggle.swift */ = {isa = PBXFileReference; lastKnownFileType = sourcecode.swift; path = DoToggle.swift; sourceTree = "<group>"; };
		32A807442580EEFC0008358B /* DoSlider.swift */ = {isa = PBXFileReference; lastKnownFileType = sourcecode.swift; path = DoSlider.swift; sourceTree = "<group>"; };
		32BBA6AD2595DE280001F244 /* DoDisclosureGroup.swift */ = {isa = PBXFileReference; lastKnownFileType = sourcecode.swift; path = DoDisclosureGroup.swift; sourceTree = "<group>"; };
		32BBA6B02595DE390001F244 /* DoOutlineGroup.swift */ = {isa = PBXFileReference; lastKnownFileType = sourcecode.swift; path = DoOutlineGroup.swift; sourceTree = "<group>"; };
		32D4EA3F25885575008A0B4A /* DoTextField.swift */ = {isa = PBXFileReference; lastKnownFileType = sourcecode.swift; path = DoTextField.swift; sourceTree = "<group>"; };
		32D4EA4225886AE0008A0B4A /* DoGradient.swift */ = {isa = PBXFileReference; lastKnownFileType = sourcecode.swift; path = DoGradient.swift; sourceTree = "<group>"; };
		32D4EA6E258AF202008A0B4A /* DoPreference.swift */ = {isa = PBXFileReference; lastKnownFileType = sourcecode.swift; path = DoPreference.swift; sourceTree = "<group>"; };
		32D4EA71258B0325008A0B4A /* DoCoordinateSpace.swift */ = {isa = PBXFileReference; lastKnownFileType = sourcecode.swift; path = DoCoordinateSpace.swift; sourceTree = "<group>"; };
		32D4EA74258B4492008A0B4A /* DoGroupBox.swift */ = {isa = PBXFileReference; lastKnownFileType = sourcecode.swift; path = DoGroupBox.swift; sourceTree = "<group>"; };
		32D4EA77258B49B8008A0B4A /* DoLabel.swift */ = {isa = PBXFileReference; lastKnownFileType = sourcecode.swift; path = DoLabel.swift; sourceTree = "<group>"; };
		32D4EA7A258B8B19008A0B4A /* DoScrollView.swift */ = {isa = PBXFileReference; lastKnownFileType = sourcecode.swift; path = DoScrollView.swift; sourceTree = "<group>"; };
		32D4EA7D258C4E72008A0B4A /* DoStack.swift */ = {isa = PBXFileReference; lastKnownFileType = sourcecode.swift; path = DoStack.swift; sourceTree = "<group>"; };
		32D4EA80258C4E82008A0B4A /* DoLazyStack.swift */ = {isa = PBXFileReference; lastKnownFileType = sourcecode.swift; path = DoLazyStack.swift; sourceTree = "<group>"; };
		32D4EA83258C4EBF008A0B4A /* DoGroup.swift */ = {isa = PBXFileReference; lastKnownFileType = sourcecode.swift; path = DoGroup.swift; sourceTree = "<group>"; };
		32D4EA88258C4F91008A0B4A /* DoAnimation.swift */ = {isa = PBXFileReference; lastKnownFileType = sourcecode.swift; path = DoAnimation.swift; sourceTree = "<group>"; };
		32D4EA8B258C87DE008A0B4A /* DoFrame.swift */ = {isa = PBXFileReference; lastKnownFileType = sourcecode.swift; path = DoFrame.swift; sourceTree = "<group>"; };
		32D4EA8E258C961D008A0B4A /* DoBackgroundAndOverlay.swift */ = {isa = PBXFileReference; lastKnownFileType = sourcecode.swift; path = DoBackgroundAndOverlay.swift; sourceTree = "<group>"; };
		32D4EA91258C9668008A0B4A /* DoFixedSize.swift */ = {isa = PBXFileReference; lastKnownFileType = sourcecode.swift; path = DoFixedSize.swift; sourceTree = "<group>"; };
		32D4EA94258C9D03008A0B4A /* DoStateAndBinding.swift */ = {isa = PBXFileReference; lastKnownFileType = sourcecode.swift; path = DoStateAndBinding.swift; sourceTree = "<group>"; };
		32D4EA98258CA115008A0B4A /* DoCustomShape.swift */ = {isa = PBXFileReference; lastKnownFileType = sourcecode.swift; path = DoCustomShape.swift; sourceTree = "<group>"; };
		32D4EA9B258CA571008A0B4A /* DoShape.swift */ = {isa = PBXFileReference; lastKnownFileType = sourcecode.swift; path = DoShape.swift; sourceTree = "<group>"; };
		32D4EAA725904129008A0B4A /* DoEnvironment.swift */ = {isa = PBXFileReference; lastKnownFileType = sourcecode.swift; path = DoEnvironment.swift; sourceTree = "<group>"; };
		32D4EAAB259042F3008A0B4A /* DoForEach.swift */ = {isa = PBXFileReference; lastKnownFileType = sourcecode.swift; path = DoForEach.swift; sourceTree = "<group>"; };
		32D4EAB42591B7BF008A0B4A /* DoEmpty.swift */ = {isa = PBXFileReference; lastKnownFileType = sourcecode.swift; path = DoEmpty.swift; sourceTree = "<group>"; };
		32D4EAB72591CA4A008A0B4A /* DoAlignment.swift */ = {isa = PBXFileReference; lastKnownFileType = sourcecode.swift; path = DoAlignment.swift; sourceTree = "<group>"; };
		32D4EABA2592E55B008A0B4A /* DoGeometryReader.swift */ = {isa = PBXFileReference; lastKnownFileType = sourcecode.swift; path = DoGeometryReader.swift; sourceTree = "<group>"; };
		32D4EAC02592EA8B008A0B4A /* DoSafeArea.swift */ = {isa = PBXFileReference; lastKnownFileType = sourcecode.swift; path = DoSafeArea.swift; sourceTree = "<group>"; };
		32D4EAC32592EE79008A0B4A /* MySegmentControl.swift */ = {isa = PBXFileReference; lastKnownFileType = sourcecode.swift; path = MySegmentControl.swift; sourceTree = "<group>"; };
		32D4EAC62592F600008A0B4A /* DoLayout.swift */ = {isa = PBXFileReference; lastKnownFileType = sourcecode.swift; path = DoLayout.swift; sourceTree = "<group>"; };
		32D4EAC92592F776008A0B4A /* DoLayoutPriority.swift */ = {isa = PBXFileReference; lastKnownFileType = sourcecode.swift; path = DoLayoutPriority.swift; sourceTree = "<group>"; };
		32D4EACC2592F7F4008A0B4A /* DoSpacer.swift */ = {isa = PBXFileReference; lastKnownFileType = sourcecode.swift; path = DoSpacer.swift; sourceTree = "<group>"; };
		32EB7076259C7BDC00FA21E5 /* DoAnimationViewModifer.swift */ = {isa = PBXFileReference; lastKnownFileType = sourcecode.swift; path = DoAnimationViewModifer.swift; sourceTree = "<group>"; };
/* End PBXFileReference section */

/* Begin PBXFrameworksBuildPhase section */
		323545AE25809A6A003A9828 /* Frameworks */ = {
			isa = PBXFrameworksBuildPhase;
			buildActionMask = 2147483647;
			files = (
				3271847725A6AFB10093686F /* ToastUI in Frameworks */,
				32C4526825CBFC2200FC819C /* SwiftUIX in Frameworks */,
			);
			runOnlyForDeploymentPostprocessing = 0;
		};
/* End PBXFrameworksBuildPhase section */

/* Begin PBXGroup section */
		32282C63259445AA00B30971 /* Gesture */ = {
			isa = PBXGroup;
			children = (
				327AE3E92599A6050062BD67 /* DoBasicGesture.swift */,
				324A4056259B320400665879 /* DoGestureViewModifer.swift */,
				327AE3EC2599A61F0062BD67 /* DoComposingGesture.swift */,
			);
			path = Gesture;
			sourceTree = "<group>";
		};
		323545A825809A6A003A9828 = {
			isa = PBXGroup;
			children = (
				323545B325809A6A003A9828 /* DoSwiftUI */,
				323545B225809A6A003A9828 /* Products */,
			);
			sourceTree = "<group>";
		};
		323545B225809A6A003A9828 /* Products */ = {
			isa = PBXGroup;
			children = (
				323545B125809A6A003A9828 /* DoSwiftUI.app */,
			);
			name = Products;
			sourceTree = "<group>";
		};
		323545B325809A6A003A9828 /* DoSwiftUI */ = {
			isa = PBXGroup;
			children = (
				323545B425809A6A003A9828 /* DoSwiftUIApp.swift */,
				323545B625809A6A003A9828 /* ContentView.swift */,
				323545C425809AD8003A9828 /* Basic */,
				32D4EA86258C4F0D008A0B4A /* Advanced */,
				32D4EAD125931A27008A0B4A /* Helper */,
				32A3DB6425A9762C00F38A5C /* Record */,
				323545B825809A6D003A9828 /* Assets.xcassets */,
				323545BD25809A6D003A9828 /* Info.plist */,
				323545BA25809A6D003A9828 /* Preview Content */,
			);
			path = DoSwiftUI;
			sourceTree = "<group>";
		};
		323545BA25809A6D003A9828 /* Preview Content */ = {
			isa = PBXGroup;
			children = (
				323545BB25809A6D003A9828 /* Preview Assets.xcassets */,
			);
			path = "Preview Content";
			sourceTree = "<group>";
		};
		323545C425809AD8003A9828 /* Basic */ = {
			isa = PBXGroup;
			children = (
				323545C525809AE9003A9828 /* Basic.swift */,
				32D4EA9F258CA5A9008A0B4A /* View */,
				32D4EAA0258CA5FA008A0B4A /* Layout */,
				32D4EAA3258CA647008A0B4A /* Shape */,
				32282C63259445AA00B30971 /* Gesture */,
				327AE3F2259AC1A30062BD67 /* Animation */,
			);
			path = Basic;
			sourceTree = "<group>";
		};
		3256C2CC2597A58900225B55 /* Navigation */ = {
			isa = PBXGroup;
			children = (
				3256C2C92597A57F00225B55 /* DoNavigationLink.swift */,
				327AE3DF25988F870062BD67 /* DoNavigationBarItem.swift */,
				3264C40C25958988002D31F6 /* DoNavigationView.swift */,
				327AE3DC25988F590062BD67 /* DoToolbar.swift */,
			);
			path = Navigation;
			sourceTree = "<group>";
		};
		327AE3F2259AC1A30062BD67 /* Animation */ = {
			isa = PBXGroup;
			children = (
				32D4EA88258C4F91008A0B4A /* DoAnimation.swift */,
				327AE3F6259AC2540062BD67 /* DoTransaction.swift */,
				32EB7076259C7BDC00FA21E5 /* DoAnimationViewModifer.swift */,
				327AE3F3259AC2010062BD67 /* DoAnimatable.swift */,
				3281FEA525B9751D00030F29 /* DoAnimatiingTimingCurves.swift */,
				324A405B259B392200665879 /* DoVectorArithmetic.swift */,
				324A405E259B395300665879 /* DoGeometryEffect.swift */,
				325A8F3725C03DCD00AF2ADD /* DoEffect.swift */,
			);
			path = Animation;
			sourceTree = "<group>";
		};
		3281FE9C25B8363A00030F29 /* ActivityGraph */ = {
			isa = PBXGroup;
			children = (
				3281FE9D25B8365200030F29 /* ActivityLog.swift */,
				3281FEA025B8390B00030F29 /* ActivityGraph.swift */,
			);
			path = ActivityGraph;
			sourceTree = "<group>";
		};
		3281FEAB25B9856E00030F29 /* Tree */ = {
			isa = PBXGroup;
			children = (
				3281FEA825B9856800030F29 /* TreeNode.swift */,
				3281FEAD25B985FA00030F29 /* DiagramSimple.swift */,
			);
			path = Tree;
			sourceTree = "<group>";
		};
		32A3DB6425A9762C00F38A5C /* Record */ = {
			isa = PBXGroup;
			children = (
				32A3DB6125A9762300F38A5C /* RecordList.swift */,
				32A3DB6625A9765000F38A5C /* RecordDetail.swift */,
				32A3DB6A25A9950B00F38A5C /* RecordInputTextView.swift */,
				32A3DB6D25A9954E00F38A5C /* RecordDatePickerView.swift */,
			);
			path = Record;
			sourceTree = "<group>";
		};
		32BBA6B32595DE400001F244 /* List */ = {
			isa = PBXGroup;
			children = (
				32BBA6B02595DE390001F244 /* DoOutlineGroup.swift */,
				32BBA6AD2595DE280001F244 /* DoDisclosureGroup.swift */,
				3218D2D1259749B400667F45 /* DoSection.swift */,
				3264C40925958960002D31F6 /* DoList.swift */,
				32942EEA2595F3FE00AC8D96 /* DoList_2.swift */,
			);
			path = List;
			sourceTree = "<group>";
		};
		32D4EA86258C4F0D008A0B4A /* Advanced */ = {
			isa = PBXGroup;
			children = (
				32D4EA94258C9D03008A0B4A /* DoStateAndBinding.swift */,
				32D4EAA725904129008A0B4A /* DoEnvironment.swift */,
				32D4EA6E258AF202008A0B4A /* DoPreference.swift */,
				3256C2D62598286800225B55 /* DoEnvironmentObject.swift */,
				3256C2D32598285C00225B55 /* DoStateObject.swift */,
				3256C2CF2598284B00225B55 /* DoObservedObject.swift */,
			);
			path = Advanced;
			sourceTree = "<group>";
		};
		32D4EA9F258CA5A9008A0B4A /* View */ = {
			isa = PBXGroup;
			children = (
				32A8073B2580AAE20008358B /* DoText.swift */,
				32A553AF2580FDA20036F4A9 /* DoImage.swift */,
				32A8073E2580BC180008358B /* DoStepper.swift */,
				324B017125C4184E00788C0E /* DoButton.swift */,
				32D4EA77258B49B8008A0B4A /* DoLabel.swift */,
				32A807442580EEFC0008358B /* DoSlider.swift */,
				32A807412580CC150008358B /* DoToggle.swift */,
				32942EFA25972CD100AC8D96 /* DoActionSheetAlert.swift */,
				32942EF12597138200AC8D96 /* DoTextEditor.swift */,
				32942EF4259719B300AC8D96 /* DoSecureField.swift */,
				32942EF725971DA200AC8D96 /* DoPicker.swift */,
				32282C642594466700B30971 /* DoProgressView.swift */,
				32D4EA3F25885575008A0B4A /* DoTextField.swift */,
				32D4EA7A258B8B19008A0B4A /* DoScrollView.swift */,
				327AE3EF2599C2590062BD67 /* DoScrollViewReader.swift */,
				32BBA6B32595DE400001F244 /* List */,
				32942EED2595F41A00AC8D96 /* DoGrid.swift */,
				327AE3E22598B3ED0062BD67 /* DoForm.swift */,
				3256C2CC2597A58900225B55 /* Navigation */,
				32D4EAB42591B7BF008A0B4A /* DoEmpty.swift */,
				32D4EA4225886AE0008A0B4A /* DoGradient.swift */,
				32D4EA74258B4492008A0B4A /* DoGroupBox.swift */,
				325A8F3A25C117ED00AF2ADD /* DoTabView.swift */,
			);
			path = View;
			sourceTree = "<group>";
		};
		32D4EAA0258CA5FA008A0B4A /* Layout */ = {
			isa = PBXGroup;
			children = (
				32D4EA7D258C4E72008A0B4A /* DoStack.swift */,
				32D4EA80258C4E82008A0B4A /* DoLazyStack.swift */,
				3256C2C6259799B700225B55 /* DoAnchor.swift */,
				32D4EA8B258C87DE008A0B4A /* DoFrame.swift */,
				32D4EA91258C9668008A0B4A /* DoFixedSize.swift */,
				32D4EA83258C4EBF008A0B4A /* DoGroup.swift */,
				32D4EAAB259042F3008A0B4A /* DoForEach.swift */,
				32D4EACC2592F7F4008A0B4A /* DoSpacer.swift */,
				32D4EAC02592EA8B008A0B4A /* DoSafeArea.swift */,
				32D4EAB72591CA4A008A0B4A /* DoAlignment.swift */,
				32D4EAC92592F776008A0B4A /* DoLayoutPriority.swift */,
				32D4EAC62592F600008A0B4A /* DoLayout.swift */,
				32D4EABA2592E55B008A0B4A /* DoGeometryReader.swift */,
				32D4EA71258B0325008A0B4A /* DoCoordinateSpace.swift */,
			);
			path = Layout;
			sourceTree = "<group>";
		};
		32D4EAA3258CA647008A0B4A /* Shape */ = {
			isa = PBXGroup;
			children = (
				32282C5C25932E4200B30971 /* DoFill.swift */,
				32942EFD25973C1400AC8D96 /* DoColor.swift */,
				32282C5325932B4B00B30971 /* DoStroke.swift */,
				32282C5625932E2100B30971 /* DoBorder.swift */,
				32282C5925932E3900B30971 /* DoStrokeBorder.swift */,
				327AE3E52598BF810062BD67 /* DoPath.swift */,
				32D4EA9B258CA571008A0B4A /* DoShape.swift */,
				32282C6825946DEE00B30971 /* DoTrim.swift */,
				32D4EA98258CA115008A0B4A /* DoCustomShape.swift */,
				32D4EA8E258C961D008A0B4A /* DoBackgroundAndOverlay.swift */,
			);
			path = Shape;
			sourceTree = "<group>";
		};
		32D4EAD125931A27008A0B4A /* Helper */ = {
			isa = PBXGroup;
			children = (
				32D4EAC32592EE79008A0B4A /* MySegmentControl.swift */,
				3271847925A6B8710093686F /* InfiniteListView.swift */,
				32282C6B25946FB500B30971 /* ExampleView.swift */,
				3271846F25A45F330093686F /* Dump.swift */,
				3271847225A4622F0093686F /* Screenshot.swift */,
				3281FE6825AEDF0E00030F29 /* Checkbox.swift */,
				3271847C25A6D20C0093686F /* FullScreenPopGesture.swift */,
				3281FE9525B7D8D400030F29 /* UIViewWrapper.swift */,
				325A8F2825BAA5AE00AF2ADD /* CommitButton.swift */,
				324B016E25C3F58C00788C0E /* BlurImageView.swift */,
				3281FEAB25B9856E00030F29 /* Tree */,
				3281FE9C25B8363A00030F29 /* ActivityGraph */,
				3281FE6B25AFDA5500030F29 /* DoCustomStateAndBinding.playground */,
				325A8F3525C01D6700AF2ADD /* DoSomeSwiftFeature.playground */,
			);
			path = Helper;
			sourceTree = "<group>";
		};
/* End PBXGroup section */

/* Begin PBXNativeTarget section */
		323545B025809A6A003A9828 /* DoSwiftUI */ = {
			isa = PBXNativeTarget;
			buildConfigurationList = 323545C025809A6D003A9828 /* Build configuration list for PBXNativeTarget "DoSwiftUI" */;
			buildPhases = (
				323545AD25809A6A003A9828 /* Sources */,
				323545AE25809A6A003A9828 /* Frameworks */,
				323545AF25809A6A003A9828 /* Resources */,
			);
			buildRules = (
			);
			dependencies = (
			);
			name = DoSwiftUI;
			packageProductDependencies = (
				3271847625A6AFB10093686F /* ToastUI */,
				32C4526725CBFC2200FC819C /* SwiftUIX */,
			);
			productName = DoSwiftUI;
			productReference = 323545B125809A6A003A9828 /* DoSwiftUI.app */;
			productType = "com.apple.product-type.application";
		};
/* End PBXNativeTarget section */

/* Begin PBXProject section */
		323545A925809A6A003A9828 /* Project object */ = {
			isa = PBXProject;
			attributes = {
				LastSwiftUpdateCheck = 1220;
				LastUpgradeCheck = 1220;
				TargetAttributes = {
					323545B025809A6A003A9828 = {
						CreatedOnToolsVersion = 12.2;
					};
				};
			};
			buildConfigurationList = 323545AC25809A6A003A9828 /* Build configuration list for PBXProject "DoSwiftUI" */;
			compatibilityVersion = "Xcode 9.3";
			developmentRegion = en;
			hasScannedForEncodings = 0;
			knownRegions = (
				en,
				Base,
			);
			mainGroup = 323545A825809A6A003A9828;
			packageReferences = (
				3271847525A6AFB00093686F /* XCRemoteSwiftPackageReference "ToastUI" */,
				32C4526625CBFC2000FC819C /* XCRemoteSwiftPackageReference "SwiftUIX" */,
			);
			productRefGroup = 323545B225809A6A003A9828 /* Products */;
			projectDirPath = "";
			projectRoot = "";
			targets = (
				323545B025809A6A003A9828 /* DoSwiftUI */,
			);
		};
/* End PBXProject section */

/* Begin PBXResourcesBuildPhase section */
		323545AF25809A6A003A9828 /* Resources */ = {
			isa = PBXResourcesBuildPhase;
			buildActionMask = 2147483647;
			files = (
				323545BC25809A6D003A9828 /* Preview Assets.xcassets in Resources */,
				323545B925809A6D003A9828 /* Assets.xcassets in Resources */,
			);
			runOnlyForDeploymentPostprocessing = 0;
		};
/* End PBXResourcesBuildPhase section */

/* Begin PBXSourcesBuildPhase section */
		323545AD25809A6A003A9828 /* Sources */ = {
			isa = PBXSourcesBuildPhase;
			buildActionMask = 2147483647;
			files = (
				327AE3F02599C2590062BD67 /* DoScrollViewReader.swift in Sources */,
				32A3DB6725A9765000F38A5C /* RecordDetail.swift in Sources */,
				32282C5A25932E3900B30971 /* DoStrokeBorder.swift in Sources */,
				32D4EA4025885575008A0B4A /* DoTextField.swift in Sources */,
				327AE3ED2599A61F0062BD67 /* DoComposingGesture.swift in Sources */,
				324A4057259B320400665879 /* DoGestureViewModifer.swift in Sources */,
				32942EFE25973C1400AC8D96 /* DoColor.swift in Sources */,
				32D4EA7E258C4E73008A0B4A /* DoStack.swift in Sources */,
				32282C6C25946FB500B30971 /* ExampleView.swift in Sources */,
				32EB7077259C7BDC00FA21E5 /* DoAnimationViewModifer.swift in Sources */,
				325A8F2925BAA5AE00AF2ADD /* CommitButton.swift in Sources */,
				32D4EAB52591B7C0008A0B4A /* DoEmpty.swift in Sources */,
				324B017225C4184E00788C0E /* DoButton.swift in Sources */,
				32BBA6AE2595DE280001F244 /* DoDisclosureGroup.swift in Sources */,
				3264C40D25958988002D31F6 /* DoNavigationView.swift in Sources */,
				32D4EA72258B0325008A0B4A /* DoCoordinateSpace.swift in Sources */,
				32D4EACA2592F776008A0B4A /* DoLayoutPriority.swift in Sources */,
				32D4EA89258C4F91008A0B4A /* DoAnimation.swift in Sources */,
				32A807422580CC150008358B /* DoToggle.swift in Sources */,
				32D4EABB2592E55B008A0B4A /* DoGeometryReader.swift in Sources */,
				327AE3E32598B3ED0062BD67 /* DoForm.swift in Sources */,
				3271847D25A6D20C0093686F /* FullScreenPopGesture.swift in Sources */,
				32D4EA78258B49B8008A0B4A /* DoLabel.swift in Sources */,
				32942EEE2595F41A00AC8D96 /* DoGrid.swift in Sources */,
				327AE3F4259AC2010062BD67 /* DoAnimatable.swift in Sources */,
				3256C2D72598286800225B55 /* DoEnvironmentObject.swift in Sources */,
				3256C2C7259799B700225B55 /* DoAnchor.swift in Sources */,
				32D4EA8C258C87DE008A0B4A /* DoFrame.swift in Sources */,
				323545B725809A6A003A9828 /* ContentView.swift in Sources */,
				32A3DB6E25A9954E00F38A5C /* RecordDatePickerView.swift in Sources */,
				325A8F3B25C117EE00AF2ADD /* DoTabView.swift in Sources */,
				3271847325A4622F0093686F /* Screenshot.swift in Sources */,
				32A3DB6225A9762300F38A5C /* RecordList.swift in Sources */,
				32D4EACD2592F7F4008A0B4A /* DoSpacer.swift in Sources */,
				3281FEAE25B985FA00030F29 /* DiagramSimple.swift in Sources */,
				32282C652594466700B30971 /* DoProgressView.swift in Sources */,
				32D4EAC42592EE79008A0B4A /* MySegmentControl.swift in Sources */,
				32942EFB25972CD100AC8D96 /* DoActionSheetAlert.swift in Sources */,
				32282C5425932B4B00B30971 /* DoStroke.swift in Sources */,
				3264C40A25958960002D31F6 /* DoList.swift in Sources */,
				32D4EA9C258CA571008A0B4A /* DoShape.swift in Sources */,
				323545B525809A6A003A9828 /* DoSwiftUIApp.swift in Sources */,
				32D4EA75258B4495008A0B4A /* DoGroupBox.swift in Sources */,
				3271847A25A6B8710093686F /* InfiniteListView.swift in Sources */,
				32D4EA6F258AF202008A0B4A /* DoPreference.swift in Sources */,
				32D4EA8F258C961D008A0B4A /* DoBackgroundAndOverlay.swift in Sources */,
				32D4EA95258C9D03008A0B4A /* DoStateAndBinding.swift in Sources */,
				32D4EA81258C4E82008A0B4A /* DoLazyStack.swift in Sources */,
				3271847025A45F330093686F /* Dump.swift in Sources */,
				32D4EAC72592F600008A0B4A /* DoLayout.swift in Sources */,
				32A807452580EEFC0008358B /* DoSlider.swift in Sources */,
				32A3DB6B25A9950B00F38A5C /* RecordInputTextView.swift in Sources */,
				3281FE9625B7D8D900030F29 /* UIViewWrapper.swift in Sources */,
				325A8F3825C03DD600AF2ADD /* DoEffect.swift in Sources */,
				3256C2CA2597A57F00225B55 /* DoNavigationLink.swift in Sources */,
				32D4EA92258C9668008A0B4A /* DoFixedSize.swift in Sources */,
				32A8073F2580BC180008358B /* DoStepper.swift in Sources */,
				3218D2D2259749B400667F45 /* DoSection.swift in Sources */,
				327AE3F7259AC2540062BD67 /* DoTransaction.swift in Sources */,
				327AE3E62598BF810062BD67 /* DoPath.swift in Sources */,
				3256C2D42598285C00225B55 /* DoStateObject.swift in Sources */,
				3256C2D02598284B00225B55 /* DoObservedObject.swift in Sources */,
				3281FEA125B8390B00030F29 /* ActivityGraph.swift in Sources */,
				32942EF22597138200AC8D96 /* DoTextEditor.swift in Sources */,
				32D4EAB82591CA4A008A0B4A /* DoAlignment.swift in Sources */,
				32D4EAC12592EA8B008A0B4A /* DoSafeArea.swift in Sources */,
				327AE3EA2599A6050062BD67 /* DoBasicGesture.swift in Sources */,
				324A405C259B392200665879 /* DoVectorArithmetic.swift in Sources */,
				32D4EAA825904129008A0B4A /* DoEnvironment.swift in Sources */,
				32D4EA84258C4EC0008A0B4A /* DoGroup.swift in Sources */,
				32D4EA4325886AE0008A0B4A /* DoGradient.swift in Sources */,
				323545C625809AE9003A9828 /* Basic.swift in Sources */,
				3281FE6925AEDF0E00030F29 /* Checkbox.swift in Sources */,
				32D4EA99258CA115008A0B4A /* DoCustomShape.swift in Sources */,
				327AE3E025988F870062BD67 /* DoNavigationBarItem.swift in Sources */,
				32282C5725932E2100B30971 /* DoBorder.swift in Sources */,
				32A553B02580FDA20036F4A9 /* DoImage.swift in Sources */,
				324A405F259B395300665879 /* DoGeometryEffect.swift in Sources */,
				32942EEB2595F3FE00AC8D96 /* DoList_2.swift in Sources */,
				32942EF5259719B300AC8D96 /* DoSecureField.swift in Sources */,
				3281FEA925B9856800030F29 /* TreeNode.swift in Sources */,
				32D4EA7B258B8B1B008A0B4A /* DoScrollView.swift in Sources */,
				32282C6925946DEE00B30971 /* DoTrim.swift in Sources */,
				32D4EAAC259042F3008A0B4A /* DoForEach.swift in Sources */,
				324B016F25C3F58C00788C0E /* BlurImageView.swift in Sources */,
				32A8073C2580AAE20008358B /* DoText.swift in Sources */,
				327AE3DD25988F5A0062BD67 /* DoToolbar.swift in Sources */,
				32282C5D25932E4200B30971 /* DoFill.swift in Sources */,
				32942EF825971DA200AC8D96 /* DoPicker.swift in Sources */,
				3281FEA625B9751D00030F29 /* DoAnimatiingTimingCurves.swift in Sources */,
				32BBA6B12595DE390001F244 /* DoOutlineGroup.swift in Sources */,
				3281FE9E25B8365400030F29 /* ActivityLog.swift in Sources */,
			);
			runOnlyForDeploymentPostprocessing = 0;
		};
/* End PBXSourcesBuildPhase section */

/* Begin XCBuildConfiguration section */
		323545BE25809A6D003A9828 /* Debug */ = {
			isa = XCBuildConfiguration;
			buildSettings = {
				ALWAYS_SEARCH_USER_PATHS = NO;
				CLANG_ANALYZER_NONNULL = YES;
				CLANG_ANALYZER_NUMBER_OBJECT_CONVERSION = YES_AGGRESSIVE;
				CLANG_CXX_LANGUAGE_STANDARD = "gnu++14";
				CLANG_CXX_LIBRARY = "libc++";
				CLANG_ENABLE_MODULES = YES;
				CLANG_ENABLE_OBJC_ARC = YES;
				CLANG_ENABLE_OBJC_WEAK = YES;
				CLANG_WARN_BLOCK_CAPTURE_AUTORELEASING = YES;
				CLANG_WARN_BOOL_CONVERSION = YES;
				CLANG_WARN_COMMA = YES;
				CLANG_WARN_CONSTANT_CONVERSION = YES;
				CLANG_WARN_DEPRECATED_OBJC_IMPLEMENTATIONS = YES;
				CLANG_WARN_DIRECT_OBJC_ISA_USAGE = YES_ERROR;
				CLANG_WARN_DOCUMENTATION_COMMENTS = YES;
				CLANG_WARN_EMPTY_BODY = YES;
				CLANG_WARN_ENUM_CONVERSION = YES;
				CLANG_WARN_INFINITE_RECURSION = YES;
				CLANG_WARN_INT_CONVERSION = YES;
				CLANG_WARN_NON_LITERAL_NULL_CONVERSION = YES;
				CLANG_WARN_OBJC_IMPLICIT_RETAIN_SELF = YES;
				CLANG_WARN_OBJC_LITERAL_CONVERSION = YES;
				CLANG_WARN_OBJC_ROOT_CLASS = YES_ERROR;
				CLANG_WARN_QUOTED_INCLUDE_IN_FRAMEWORK_HEADER = YES;
				CLANG_WARN_RANGE_LOOP_ANALYSIS = YES;
				CLANG_WARN_STRICT_PROTOTYPES = YES;
				CLANG_WARN_SUSPICIOUS_MOVE = YES;
				CLANG_WARN_UNGUARDED_AVAILABILITY = YES_AGGRESSIVE;
				CLANG_WARN_UNREACHABLE_CODE = YES;
				CLANG_WARN__DUPLICATE_METHOD_MATCH = YES;
				COPY_PHASE_STRIP = NO;
				DEBUG_INFORMATION_FORMAT = dwarf;
				ENABLE_STRICT_OBJC_MSGSEND = YES;
				ENABLE_TESTABILITY = YES;
				GCC_C_LANGUAGE_STANDARD = gnu11;
				GCC_DYNAMIC_NO_PIC = NO;
				GCC_NO_COMMON_BLOCKS = YES;
				GCC_OPTIMIZATION_LEVEL = 0;
				GCC_PREPROCESSOR_DEFINITIONS = (
					"DEBUG=1",
					"$(inherited)",
				);
				GCC_WARN_64_TO_32_BIT_CONVERSION = YES;
				GCC_WARN_ABOUT_RETURN_TYPE = YES_ERROR;
				GCC_WARN_UNDECLARED_SELECTOR = YES;
				GCC_WARN_UNINITIALIZED_AUTOS = YES_AGGRESSIVE;
				GCC_WARN_UNUSED_FUNCTION = YES;
				GCC_WARN_UNUSED_VARIABLE = YES;
				IPHONEOS_DEPLOYMENT_TARGET = 14.2;
				MTL_ENABLE_DEBUG_INFO = INCLUDE_SOURCE;
				MTL_FAST_MATH = YES;
				ONLY_ACTIVE_ARCH = YES;
				SDKROOT = iphoneos;
				SWIFT_ACTIVE_COMPILATION_CONDITIONS = DEBUG;
				SWIFT_OPTIMIZATION_LEVEL = "-Onone";
			};
			name = Debug;
		};
		323545BF25809A6D003A9828 /* Release */ = {
			isa = XCBuildConfiguration;
			buildSettings = {
				ALWAYS_SEARCH_USER_PATHS = NO;
				CLANG_ANALYZER_NONNULL = YES;
				CLANG_ANALYZER_NUMBER_OBJECT_CONVERSION = YES_AGGRESSIVE;
				CLANG_CXX_LANGUAGE_STANDARD = "gnu++14";
				CLANG_CXX_LIBRARY = "libc++";
				CLANG_ENABLE_MODULES = YES;
				CLANG_ENABLE_OBJC_ARC = YES;
				CLANG_ENABLE_OBJC_WEAK = YES;
				CLANG_WARN_BLOCK_CAPTURE_AUTORELEASING = YES;
				CLANG_WARN_BOOL_CONVERSION = YES;
				CLANG_WARN_COMMA = YES;
				CLANG_WARN_CONSTANT_CONVERSION = YES;
				CLANG_WARN_DEPRECATED_OBJC_IMPLEMENTATIONS = YES;
				CLANG_WARN_DIRECT_OBJC_ISA_USAGE = YES_ERROR;
				CLANG_WARN_DOCUMENTATION_COMMENTS = YES;
				CLANG_WARN_EMPTY_BODY = YES;
				CLANG_WARN_ENUM_CONVERSION = YES;
				CLANG_WARN_INFINITE_RECURSION = YES;
				CLANG_WARN_INT_CONVERSION = YES;
				CLANG_WARN_NON_LITERAL_NULL_CONVERSION = YES;
				CLANG_WARN_OBJC_IMPLICIT_RETAIN_SELF = YES;
				CLANG_WARN_OBJC_LITERAL_CONVERSION = YES;
				CLANG_WARN_OBJC_ROOT_CLASS = YES_ERROR;
				CLANG_WARN_QUOTED_INCLUDE_IN_FRAMEWORK_HEADER = YES;
				CLANG_WARN_RANGE_LOOP_ANALYSIS = YES;
				CLANG_WARN_STRICT_PROTOTYPES = YES;
				CLANG_WARN_SUSPICIOUS_MOVE = YES;
				CLANG_WARN_UNGUARDED_AVAILABILITY = YES_AGGRESSIVE;
				CLANG_WARN_UNREACHABLE_CODE = YES;
				CLANG_WARN__DUPLICATE_METHOD_MATCH = YES;
				COPY_PHASE_STRIP = NO;
				DEBUG_INFORMATION_FORMAT = "dwarf-with-dsym";
				ENABLE_NS_ASSERTIONS = NO;
				ENABLE_STRICT_OBJC_MSGSEND = YES;
				GCC_C_LANGUAGE_STANDARD = gnu11;
				GCC_NO_COMMON_BLOCKS = YES;
				GCC_WARN_64_TO_32_BIT_CONVERSION = YES;
				GCC_WARN_ABOUT_RETURN_TYPE = YES_ERROR;
				GCC_WARN_UNDECLARED_SELECTOR = YES;
				GCC_WARN_UNINITIALIZED_AUTOS = YES_AGGRESSIVE;
				GCC_WARN_UNUSED_FUNCTION = YES;
				GCC_WARN_UNUSED_VARIABLE = YES;
				IPHONEOS_DEPLOYMENT_TARGET = 14.2;
				MTL_ENABLE_DEBUG_INFO = NO;
				MTL_FAST_MATH = YES;
				SDKROOT = iphoneos;
				SWIFT_COMPILATION_MODE = wholemodule;
				SWIFT_OPTIMIZATION_LEVEL = "-O";
				VALIDATE_PRODUCT = YES;
			};
			name = Release;
		};
		323545C125809A6D003A9828 /* Debug */ = {
			isa = XCBuildConfiguration;
			buildSettings = {
				ASSETCATALOG_COMPILER_APPICON_NAME = AppIcon;
				ASSETCATALOG_COMPILER_GLOBAL_ACCENT_COLOR_NAME = AccentColor;
				CODE_SIGN_STYLE = Automatic;
				DEVELOPMENT_ASSET_PATHS = "\"DoSwiftUI/Preview Content\"";
				DEVELOPMENT_TEAM = PF3BSY7RH3;
				ENABLE_PREVIEWS = YES;
				INFOPLIST_FILE = DoSwiftUI/Info.plist;
				IPHONEOS_DEPLOYMENT_TARGET = 14.0;
				LD_RUNPATH_SEARCH_PATHS = (
					"$(inherited)",
					"@executable_path/Frameworks",
				);
				PRODUCT_BUNDLE_IDENTIFIER = com.rocky.DoSwiftUI;
				PRODUCT_NAME = "$(TARGET_NAME)";
				SWIFT_VERSION = 5.0;
				TARGETED_DEVICE_FAMILY = "1,2";
			};
			name = Debug;
		};
		323545C225809A6D003A9828 /* Release */ = {
			isa = XCBuildConfiguration;
			buildSettings = {
				ASSETCATALOG_COMPILER_APPICON_NAME = AppIcon;
				ASSETCATALOG_COMPILER_GLOBAL_ACCENT_COLOR_NAME = AccentColor;
				CODE_SIGN_STYLE = Automatic;
				DEVELOPMENT_ASSET_PATHS = "\"DoSwiftUI/Preview Content\"";
				DEVELOPMENT_TEAM = PF3BSY7RH3;
				ENABLE_PREVIEWS = YES;
				INFOPLIST_FILE = DoSwiftUI/Info.plist;
				IPHONEOS_DEPLOYMENT_TARGET = 14.0;
				LD_RUNPATH_SEARCH_PATHS = (
					"$(inherited)",
					"@executable_path/Frameworks",
				);
				PRODUCT_BUNDLE_IDENTIFIER = com.rocky.DoSwiftUI;
				PRODUCT_NAME = "$(TARGET_NAME)";
				SWIFT_VERSION = 5.0;
				TARGETED_DEVICE_FAMILY = "1,2";
			};
			name = Release;
		};
/* End XCBuildConfiguration section */

/* Begin XCConfigurationList section */
		323545AC25809A6A003A9828 /* Build configuration list for PBXProject "DoSwiftUI" */ = {
			isa = XCConfigurationList;
			buildConfigurations = (
				323545BE25809A6D003A9828 /* Debug */,
				323545BF25809A6D003A9828 /* Release */,
			);
			defaultConfigurationIsVisible = 0;
			defaultConfigurationName = Release;
		};
		323545C025809A6D003A9828 /* Build configuration list for PBXNativeTarget "DoSwiftUI" */ = {
			isa = XCConfigurationList;
			buildConfigurations = (
				323545C125809A6D003A9828 /* Debug */,
				323545C225809A6D003A9828 /* Release */,
			);
			defaultConfigurationIsVisible = 0;
			defaultConfigurationName = Release;
		};
/* End XCConfigurationList section */

/* Begin XCRemoteSwiftPackageReference section */
		3271847525A6AFB00093686F /* XCRemoteSwiftPackageReference "ToastUI" */ = {
			isa = XCRemoteSwiftPackageReference;
			repositoryURL = "https://github.com/quanshousio/ToastUI";
			requirement = {
				kind = upToNextMajorVersion;
				minimumVersion = 1.3.1;
			};
		};
		32C4526625CBFC2000FC819C /* XCRemoteSwiftPackageReference "SwiftUIX" */ = {
			isa = XCRemoteSwiftPackageReference;
			repositoryURL = "https://github.com/SwiftUIX/SwiftUIX";
			requirement = {
				kind = upToNextMajorVersion;
				minimumVersion = 0.0.5;
			};
		};
/* End XCRemoteSwiftPackageReference section */

/* Begin XCSwiftPackageProductDependency section */
		3271847625A6AFB10093686F /* ToastUI */ = {
			isa = XCSwiftPackageProductDependency;
			package = 3271847525A6AFB00093686F /* XCRemoteSwiftPackageReference "ToastUI" */;
			productName = ToastUI;
		};
		32C4526725CBFC2200FC819C /* SwiftUIX */ = {
			isa = XCSwiftPackageProductDependency;
			package = 32C4526625CBFC2000FC819C /* XCRemoteSwiftPackageReference "SwiftUIX" */;
			productName = SwiftUIX;
		};
/* End XCSwiftPackageProductDependency section */
	};
	rootObject = 323545A925809A6A003A9828 /* Project object */;
}
